# @generated by Move, please check-in and do not edit manually.

[move]
version = 0
manifest_digest = "D5F666433FF02FE151E8E94E47D4EA2FC147FB4528D78E219F3934B9F5A532CD"
deps_digest = "F8BBB0CCB2491CA29A3DF03D6F92277A4F3574266507ACD77214D37ECA3F3082"

dependencies = [
  { name = "Sui" },
]

[[move.package]]
name = "MoveStdlib"
source = { git = "https://github.com/MystenLabs/sui.git", rev = "framework/mainnet", subdir = "crates/sui-framework/packages/move-stdlib" }

[[move.package]]
name = "Sui"
source = { git = "https://github.com/MystenLabs/sui.git", rev = "framework/mainnet", subdir = "crates/sui-framework/packages/sui-framework" }

dependencies = [
  { name = "MoveStdlib" },
]

[move.toolchain-version]
compiler-version = "1.23.0"
edition = "legacy"
flavor = "sui"

[env]

[env.mainnet]
chain-id = "35834a8a"
original-published-id = "0x5bb7d0bb3240011336ca9015f553b2646302a4f05f821160344e9ec5a988f740"
latest-published-id = "0x5bb7d0bb3240011336ca9015f553b2646302a4f05f821160344e9ec5a988f740"
published-version = "1"

[env.testnet]
chain-id = "4c78adac"
original-published-id = "0x036fee67274d0d85c3532f58296abe0dee86b93864f1b2b9074be6adb388f138"
latest-published-id = "0x036fee67274d0d85c3532f58296abe0dee86b93864f1b2b9074be6adb388f138"
published-version = "1"
