# @generated by Move, please check-in and do not edit manually.

[move]
version = 3
manifest_digest = "D17A6A80366AE765D96E814C0144810F35BA4E5E85DE536458625D2A575DD1DD"
deps_digest = "3C4103934B1E040BB6B23F1D610B4EF9F2F1166A50A104EADCF77467C004C600"

dependencies = [
  { id = "Sui", name = "Sui" },
  { id = "quorum_upgrade_v2", name = "quorum_upgrade_v2" },
]

[[move.package]]
id = "MoveStdlib"
source = { git = "https://github.com/MystenLabs/sui.git", rev = "framework/mainnet", subdir = "crates/sui-framework/packages/move-stdlib" }

[[move.package]]
id = "Sui"
source = { git = "https://github.com/MystenLabs/sui.git", rev = "framework/mainnet", subdir = "crates/sui-framework/packages/sui-framework" }

dependencies = [
  { id = "MoveStdlib", name = "MoveStdlib" },
]

[[move.package]]
id = "quorum_upgrade_v2"
source = { local = "../quorum_upgrade_v2" }

dependencies = [
  { id = "Sui", name = "Sui" },
]

[move.toolchain-version]
compiler-version = "1.56.2"
edition = "2024.beta"
flavor = "sui"

[env.mainnet]
chain-id = "35834a8a"
original-published-id = "0xae627358027f3b53865d2403ecf5573c91d543a387d653764b650b8f85a2235c"
latest-published-id = "0xae627358027f3b53865d2403ecf5573c91d543a387d653764b650b8f85a2235c"
published-version = "1"
