# @generated by Move, please check-in and do not edit manually.

[move]
version = 3
manifest_digest = "955C4B6EC9AB5C70702544008200CFFADC7FBACC70C9868A8020680FCE4959E8"
deps_digest = "F8BBB0CCB2491CA29A3DF03D6F92277A4F3574266507ACD77214D37ECA3F3082"

dependencies = [
  { id = "Sui", name = "Sui" },
]

[[move.package]]
id = "MoveStdlib"
source = { git = "https://github.com/MystenLabs/sui.git", rev = "framework/mainnet", subdir = "crates/sui-framework/packages/move-stdlib" }

[[move.package]]
id = "Sui"
source = { git = "https://github.com/MystenLabs/sui.git", rev = "framework/mainnet", subdir = "crates/sui-framework/packages/sui-framework" }

dependencies = [
  { id = "MoveStdlib", name = "MoveStdlib" },
]

[move.toolchain-version]
compiler-version = "1.54.2"
edition = "2024.beta"
flavor = "sui"

[env]

[env.mainnet]
chain-id = "35834a8a"
original-published-id = "0x434b5bd8f6a7b05fede0ff46c6e511d71ea326ed38056e3bcd681d2d7c2a7879"
latest-published-id = "0xdfb4f1d4e43e0c3ad834dcd369f0d39005c872e118c9dc1c5da9765bb93ee5f3"
published-version = "4"

[env.testnet]
chain-id = "4c78adac"
original-published-id = "0xe308bb3ed5367cd11a9c7f7e7aa95b2f3c9a8f10fa1d2b3cff38240f7898555d"
latest-published-id = "0xe308bb3ed5367cd11a9c7f7e7aa95b2f3c9a8f10fa1d2b3cff38240f7898555d"
published-version = "1"
