# @generated by Move, please check-in and do not edit manually.

[move]
version = 0
manifest_digest = "940B6D5D926C7A4E6042D82E4497903D51A69C3FBEBBE626A4B94D67631BB80C"
deps_digest = "112928C94A84031C09CD9B9D1D44B149B73FC0EEA5FA8D8B2D7CA4D91936335A"

dependencies = [
  { name = "Sui" },
]

[[move.package]]
name = "MoveStdlib"
source = { git = "https://github.com/MystenLabs/sui.git", rev = "testnet", subdir = "crates/sui-framework/packages/move-stdlib" }

[[move.package]]
name = "Sui"
source = { git = "https://github.com/MystenLabs/sui.git", rev = "testnet", subdir = "crates/sui-framework/packages/sui-framework" }

dependencies = [
  { name = "MoveStdlib" },
]
