# @generated by Move, please check-in and do not edit manually.

[move]
version = 1
manifest_digest = "BE0F5D95DCC28E0C27BDA421E4DD1760A4130BF8FDF5B0757687CAA7A17A6523"
deps_digest = "3C4103934B1E040BB6B23F1D610B4EF9F2F1166A50A104EADCF77467C004C600"
dependencies = [
  { name = "Sui" },
  { name = "suifrens" },
]

[[move.package]]
name = "MoveStdlib"
source = { git = "https://github.com/MystenLabs/sui.git", rev = "framework/testnet", subdir = "crates/sui-framework/packages/move-stdlib" }

[[move.package]]
name = "Sui"
source = { git = "https://github.com/MystenLabs/sui.git", rev = "framework/testnet", subdir = "crates/sui-framework/packages/sui-framework" }

dependencies = [
  { name = "MoveStdlib" },
]

[[move.package]]
name = "suifrens"
source = { git = "https://github.com/MystenLabs/apps.git", rev = "testnet", subdir = "suifrens/suifrens" }

dependencies = [
  { name = "Sui" },
]
